
Microsoft Visual Studio Solution File, Format Version 12.00
# Visual Studio Version 16
VisualStudioVersion = 16.0.29025.244
MinimumVisualStudioVersion = 10.0.40219.1
Project("{FAE04EC0-301F-11D3-BF4B-00C04F79EFBC}") = "Generic_LINQ", "Generic_LINQ\Generic_LINQ.csproj", "{90E03CCB-40E3-4D02-8A8A-C47BF021A257}"
EndProject
Global
	GlobalSection(SolutionConfigurationPlatforms) = preSolution
		Debug|Any CPU = Debug|Any CPU
		Release|Any CPU = Release|Any CPU
	EndGlobalSection
	GlobalSection(ProjectConfigurationPlatforms) = postSolution
		{90E03CCB-40E3-4D02-8A8A-C47BF021A257}.Debug|Any CPU.ActiveCfg = Debug|Any CPU
		{90E03CCB-40E3-4D02-8A8A-C47BF021A257}.Debug|Any CPU.Build.0 = Debug|Any CPU
		{90E03CCB-40E3-4D02-8A8A-C47BF021A257}.Release|Any CPU.ActiveCfg = Release|Any CPU
		{90E03CCB-40E3-4D02-8A8A-C47BF021A257}.Release|Any CPU.Build.0 = Release|Any CPU
	EndGlobalSection
	GlobalSection(SolutionProperties) = preSolution
		HideSolutionNode = FALSE
	EndGlobalSection
	GlobalSection(ExtensibilityGlobals) = postSolution
		SolutionGuid = {A24727B7-2DAC-4D40-BA9B-60066A3167A1}
	EndGlobalSection
EndGlobal
